
Microsoft Visual Studio Solution File, Format Version 12.00
# Visual Studio Version 17
VisualStudioVersion = 17.8.34330.188
MinimumVisualStudioVersion = 10.0.40219.1
Project("{9A19103F-16F7-4668-BE54-9A1E7A4F7556}") = "WebBolt", "WebBolt\WebBolt\WebBolt.csproj", "{716A59C7-0F71-4EC9-84AC-8AEEB2C27F35}"
EndProject
Project("{9A19103F-16F7-4668-BE54-9A1E7A4F7556}") = "WebBolt.Client", "WebBolt\WebBolt.Client\WebBolt.Client.csproj", "{FEB67B5A-2875-43B0-A6CC-BC84BE9DC7E4}"
EndProject
Global
	GlobalSection(SolutionConfigurationPlatforms) = preSolution
		Debug|Any CPU = Debug|Any CPU
		Release|Any CPU = Release|Any CPU
	EndGlobalSection
	GlobalSection(ProjectConfigurationPlatforms) = postSolution
		{716A59C7-0F71-4EC9-84AC-8AEEB2C27F35}.Debug|Any CPU.ActiveCfg = Debug|Any CPU
		{716A59C7-0F71-4EC9-84AC-8AEEB2C27F35}.Debug|Any CPU.Build.0 = Debug|Any CPU
		{716A59C7-0F71-4EC9-84AC-8AEEB2C27F35}.Release|Any CPU.ActiveCfg = Release|Any CPU
		{716A59C7-0F71-4EC9-84AC-8AEEB2C27F35}.Release|Any CPU.Build.0 = Release|Any CPU
		{FEB67B5A-2875-43B0-A6CC-BC84BE9DC7E4}.Debug|Any CPU.ActiveCfg = Debug|Any CPU
		{FEB67B5A-2875-43B0-A6CC-BC84BE9DC7E4}.Debug|Any CPU.Build.0 = Debug|Any CPU
		{FEB67B5A-2875-43B0-A6CC-BC84BE9DC7E4}.Release|Any CPU.ActiveCfg = Release|Any CPU
		{FEB67B5A-2875-43B0-A6CC-BC84BE9DC7E4}.Release|Any CPU.Build.0 = Release|Any CPU
	EndGlobalSection
	GlobalSection(SolutionProperties) = preSolution
		HideSolutionNode = FALSE
	EndGlobalSection
	GlobalSection(ExtensibilityGlobals) = postSolution
		SolutionGuid = {59A19119-358F-49BE-A594-71D016970956}
	EndGlobalSection
EndGlobal
